
Microsoft Visual Studio Solution File, Format Version 12.00
# Visual Studio Version 17
VisualStudioVersion = 17.5.33414.496
MinimumVisualStudioVersion = 10.0.40219.1
Project("{FAE04EC0-301F-11D3-BF4B-00C04F79EFBC}") = "OnlineTicketReservationApplication", "OnlineTicketReservationApplication\OnlineTicketReservationApplication.csproj", "{90E0AEE5-1717-49E4-A71F-C4104DDAB2DB}"
EndProject
Global
	GlobalSection(SolutionConfigurationPlatforms) = preSolution
		Debug|Any CPU = Debug|Any CPU
		Release|Any CPU = Release|Any CPU
	EndGlobalSection
	GlobalSection(ProjectConfigurationPlatforms) = postSolution
		{90E0AEE5-1717-49E4-A71F-C4104DDAB2DB}.Debug|Any CPU.ActiveCfg = Debug|Any CPU
		{90E0AEE5-1717-49E4-A71F-C4104DDAB2DB}.Debug|Any CPU.Build.0 = Debug|Any CPU
		{90E0AEE5-1717-49E4-A71F-C4104DDAB2DB}.Release|Any CPU.ActiveCfg = Release|Any CPU
		{90E0AEE5-1717-49E4-A71F-C4104DDAB2DB}.Release|Any CPU.Build.0 = Release|Any CPU
	EndGlobalSection
	GlobalSection(SolutionProperties) = preSolution
		HideSolutionNode = FALSE
	EndGlobalSection
	GlobalSection(ExtensibilityGlobals) = postSolution
		SolutionGuid = {B71E05BE-1889-424C-AB72-428786F24116}
	EndGlobalSection
EndGlobal
